{
    "version": 3,
    "terraform_version": "0.11.10",
    "serial": 2,
    "lineage": "833bacb9-7df2-ee3c-2fae-eb5aa60f4d63",
    "modules": [
        {
            "path": [
                "root"
            ],
            "outputs": {},
            "resources": {
                "aws_instance.web": {
                    "type": "aws_instance",
                    "depends_on": [],
                    "primary": {
                        "id": "i-046b017fae2641c27",
                        "attributes": {
                            "ami": "ami-0ad16744583f21877",
                            "arn": "arn:aws:ec2:us-west-1:852530216916:instance/i-046b017fae2641c27",
                            "associate_public_ip_address": "true",
                            "availability_zone": "us-west-1b",
                            "cpu_core_count": "1",
                            "cpu_threads_per_core": "1",
                            "credit_specification.#": "1",
                            "credit_specification.0.cpu_credits": "standard",
                            "disable_api_termination": "false",
                            "ebs_block_device.#": "0",
                            "ebs_optimized": "false",
                            "ephemeral_block_device.#": "0",
                            "get_password_data": "false",
                            "iam_instance_profile": "",
                            "id": "i-046b017fae2641c27",
                            "instance_state": "running",
                            "instance_type": "t2.micro",
                            "ipv6_addresses.#": "0",
                            "key_name": "",
                            "monitoring": "false",
                            "network_interface.#": "0",
                            "network_interface_id": "eni-062c8ebddd45a2edd",
                            "password_data": "",
                            "placement_group": "",
                            "primary_network_interface_id": "eni-062c8ebddd45a2edd",
                            "private_dns": "ip-172-31-21-67.us-west-1.compute.internal",
                            "private_ip": "172.31.21.67",
                            "public_dns": "ec2-13-57-192-10.us-west-1.compute.amazonaws.com",
                            "public_ip": "13.57.192.10",
                            "root_block_device.#": "1",
                            "root_block_device.0.delete_on_termination": "true",
                            "root_block_device.0.iops": "100",
                            "root_block_device.0.volume_id": "vol-08c1fa666cc43334e",
                            "root_block_device.0.volume_size": "8",
                            "root_block_device.0.volume_type": "gp2",
                            "security_groups.#": "1",
                            "security_groups.3814588639": "default",
                            "source_dest_check": "true",
                            "subnet_id": "subnet-79d4cc1e",
                            "tags.%": "1",
                            "tags.Name": "yonikashi",
                            "tenancy": "default",
                            "volume_tags.%": "0",
                            "vpc_security_group_ids.#": "1",
                            "vpc_security_group_ids.3814005961": "sg-79b39002"
                        },
                        "meta": {
                            "e2bfb730-ecaa-11e6-8f88-34363bc7c4c0": {
                                "create": 600000000000,
                                "delete": 1200000000000,
                                "update": 600000000000
                            },
                            "schema_version": "1"
                        },
                        "tainted": false
                    },
                    "deposed": [],
                    "provider": "provider.aws"
                }
            },
            "depends_on": []
        }
    ]
}
